
Microsoft Visual Studio Solution File, Format Version 12.00
# Visual Studio Version 17
VisualStudioVersion = 17.8.34309.116
MinimumVisualStudioVersion = 10.0.40219.1
Project("{8BC9CEB8-8B4A-11D0-8D11-00A0C91BC942}") = "Plural", "Plural.vcxproj", "{790EF068-1A96-45FA-8DDE-8E1BC99498BE}"
EndProject
Global
	GlobalSection(SolutionConfigurationPlatforms) = preSolution
		Debug|x64 = Debug|x64
		Debug|x86 = Debug|x86
		Release|x64 = Release|x64
		Release|x86 = Release|x86
	EndGlobalSection
	GlobalSection(ProjectConfigurationPlatforms) = postSolution
		{790EF068-1A96-45FA-8DDE-8E1BC99498BE}.Debug|x64.ActiveCfg = Debug|x64
		{790EF068-1A96-45FA-8DDE-8E1BC99498BE}.Debug|x64.Build.0 = Debug|x64
		{790EF068-1A96-45FA-8DDE-8E1BC99498BE}.Debug|x86.ActiveCfg = Debug|Win32
		{790EF068-1A96-45FA-8DDE-8E1BC99498BE}.Debug|x86.Build.0 = Debug|Win32
		{790EF068-1A96-45FA-8DDE-8E1BC99498BE}.Release|x64.ActiveCfg = Release|x64
		{790EF068-1A96-45FA-8DDE-8E1BC99498BE}.Release|x64.Build.0 = Release|x64
		{790EF068-1A96-45FA-8DDE-8E1BC99498BE}.Release|x86.ActiveCfg = Release|Win32
		{790EF068-1A96-45FA-8DDE-8E1BC99498BE}.Release|x86.Build.0 = Release|Win32
	EndGlobalSection
	GlobalSection(SolutionProperties) = preSolution
		HideSolutionNode = FALSE
	EndGlobalSection
	GlobalSection(ExtensibilityGlobals) = postSolution
		SolutionGuid = {963B0002-A4EE-4AAF-8B5E-50012F188AD0}
	EndGlobalSection
EndGlobal
